[[dependencies]]
name = "@openzeppelin-contracts"
version = "5.1.0"
url = "https://soldeer-revisions.s3.amazonaws.com/@openzeppelin-contracts/5_1_0_19-10-2024_10:28:52_contracts.zip"
checksum = "fd3d1ea561cb27897008aee18ada6e85f248eb161c86e4435272fc2b5777574f"
integrity = "cb6cf6e878f2943b2291d5636a9d72ac51d43d8135896ceb6cf88d36c386f212"

[[dependencies]]
name = "forge-std"
version = "1.9.7"
url = "https://soldeer-revisions.s3.amazonaws.com/forge-std/1_9_7_28-04-2025_15:55:08_forge-std-1.9.zip"
checksum = "8d9e0a885fa8ee6429a4d344aeb6799119f6a94c7c4fe6f188df79b0dce294ba"
integrity = "9e60fdba82bc374df80db7f2951faff6467b9091873004a3d314cf0c084b3c7d"
